
Microsoft Visual Studio Solution File, Format Version 12.00
# Visual Studio 2015
Project("{FAE04EC0-301F-11D3-BF4B-00C04F79EFBC}") = "DemoRoom.CSharp", "DemoRoom.CSharp.csproj", "{2CBC5627-CF0E-6504-B9A6-21FC51B3371F}"
EndProject
Project("{FAE04EC0-301F-11D3-BF4B-00C04F79EFBC}") = "DemoRoom.CSharp.Editor", "DemoRoom.CSharp.Editor.csproj", "{F1C8C66F-03C4-6843-655C-6F9283D8C5CB}"
EndProject
Global
	GlobalSection(SolutionConfigurationPlatforms) = preSolution
		Debug|Any CPU = Debug|Any CPU
		Release|Any CPU = Release|Any CPU
	EndGlobalSection
	GlobalSection(ProjectConfigurationPlatforms) = postSolution
		{2CBC5627-CF0E-6504-B9A6-21FC51B3371F}.Debug|Any CPU.ActiveCfg = Debug|Any CPU
		{2CBC5627-CF0E-6504-B9A6-21FC51B3371F}.Debug|Any CPU.Build.0 = Debug|Any CPU
		{2CBC5627-CF0E-6504-B9A6-21FC51B3371F}.Release|Any CPU.ActiveCfg = Release|Any CPU
		{2CBC5627-CF0E-6504-B9A6-21FC51B3371F}.Release|Any CPU.Build.0 = Release|Any CPU
		{F1C8C66F-03C4-6843-655C-6F9283D8C5CB}.Debug|Any CPU.ActiveCfg = Debug|Any CPU
		{F1C8C66F-03C4-6843-655C-6F9283D8C5CB}.Debug|Any CPU.Build.0 = Debug|Any CPU
		{F1C8C66F-03C4-6843-655C-6F9283D8C5CB}.Release|Any CPU.ActiveCfg = Release|Any CPU
		{F1C8C66F-03C4-6843-655C-6F9283D8C5CB}.Release|Any CPU.Build.0 = Release|Any CPU
	EndGlobalSection
	GlobalSection(SolutionProperties) = preSolution
		HideSolutionNode = FALSE
	EndGlobalSection
EndGlobal
